
Microsoft Visual Studio Solution File, Format Version 12.00
# Visual Studio 15
VisualStudioVersion = 15.0.28307.1267
MinimumVisualStudioVersion = 10.0.40219.1
Project("{8BC9CEB8-8B4A-11D0-8D11-00A0C91BC942}") = "融化屏幕", "融化屏幕\融化屏幕.vcxproj", "{7D4CCC49-955F-4E99-ABE2-237A957B3574}"
EndProject
Global
	GlobalSection(SolutionConfigurationPlatforms) = preSolution
		Debug|x64 = Debug|x64
		Debug|x86 = Debug|x86
		Release|x64 = Release|x64
		Release|x86 = Release|x86
	EndGlobalSection
	GlobalSection(ProjectConfigurationPlatforms) = postSolution
		{7D4CCC49-955F-4E99-ABE2-237A957B3574}.Debug|x64.ActiveCfg = Debug|x64
		{7D4CCC49-955F-4E99-ABE2-237A957B3574}.Debug|x64.Build.0 = Debug|x64
		{7D4CCC49-955F-4E99-ABE2-237A957B3574}.Debug|x86.ActiveCfg = Debug|Win32
		{7D4CCC49-955F-4E99-ABE2-237A957B3574}.Debug|x86.Build.0 = Debug|Win32
		{7D4CCC49-955F-4E99-ABE2-237A957B3574}.Release|x64.ActiveCfg = Release|x64
		{7D4CCC49-955F-4E99-ABE2-237A957B3574}.Release|x64.Build.0 = Release|x64
		{7D4CCC49-955F-4E99-ABE2-237A957B3574}.Release|x86.ActiveCfg = Release|Win32
		{7D4CCC49-955F-4E99-ABE2-237A957B3574}.Release|x86.Build.0 = Release|Win32
	EndGlobalSection
	GlobalSection(SolutionProperties) = preSolution
		HideSolutionNode = FALSE
	EndGlobalSection
	GlobalSection(ExtensibilityGlobals) = postSolution
		SolutionGuid = {A9ACB6CB-2D61-4E5F-AA0E-0F2BB08BD8CA}
	EndGlobalSection
EndGlobal
